// !$*UTF8*$!
{
	archiveVersion = 1;
	classes = {
	};
	objectVersion = 50;
	objects = {

/* Begin PBXBuildFile section */
		9A89C43125BB0562001A1EDE /* AppDelegate.swift in Sources */ = {isa = PBXBuildFile; fileRef = 9A89C43025BB0562001A1EDE /* AppDelegate.swift */; };
		9A89C43525BB0562001A1EDE /* ViewController.swift in Sources */ = {isa = PBXBuildFile; fileRef = 9A89C43425BB0562001A1EDE /* ViewController.swift */; };
		9A89C43825BB0562001A1EDE /* Main.storyboard in Resources */ = {isa = PBXBuildFile; fileRef = 9A89C43625BB0562001A1EDE /* Main.storyboard */; };
		9A89C43A25BB0566001A1EDE /* Assets.xcassets in Resources */ = {isa = PBXBuildFile; fileRef = 9A89C43925BB0566001A1EDE /* Assets.xcassets */; };
		9A89C43D25BB0566001A1EDE /* LaunchScreen.storyboard in Resources */ = {isa = PBXBuildFile; fileRef = 9A89C43B25BB0566001A1EDE /* LaunchScreen.storyboard */; };
		9A89C44625BB0651001A1EDE /* yellowsilk4@2x.png in Resources */ = {isa = PBXBuildFile; fileRef = 9A89C44425BB0651001A1EDE /* yellowsilk4@2x.png */; };
		9A89C44725BB0651001A1EDE /* oneBlueCircle.png in Resources */ = {isa = PBXBuildFile; fileRef = 9A89C44525BB0651001A1EDE /* oneBlueCircle.png */; };
/* End PBXBuildFile section */

/* Begin PBXFileReference section */
		9A89C42D25BB0562001A1EDE /* TextFieldLeftViewTest.app */ = {isa = PBXFileReference; explicitFileType = wrapper.application; includeInIndex = 0; path = TextFieldLeftViewTest.app; sourceTree = BUILT_PRODUCTS_DIR; };
		9A89C43025BB0562001A1EDE /* AppDelegate.swift */ = {isa = PBXFileReference; lastKnownFileType = sourcecode.swift; path = AppDelegate.swift; sourceTree = "<group>"; };
		9A89C43425BB0562001A1EDE /* ViewController.swift */ = {isa = PBXFileReference; lastKnownFileType = sourcecode.swift; path = ViewController.swift; sourceTree = "<group>"; };
		9A89C43725BB0562001A1EDE /* Base */ = {isa = PBXFileReference; lastKnownFileType = file.storyboard; name = Base; path = Base.lproj/Main.storyboard; sourceTree = "<group>"; };
		9A89C43925BB0566001A1EDE /* Assets.xcassets */ = {isa = PBXFileReference; lastKnownFileType = folder.assetcatalog; path = Assets.xcassets; sourceTree = "<group>"; };
		9A89C43C25BB0566001A1EDE /* Base */ = {isa = PBXFileReference; lastKnownFileType = file.storyboard; name = Base; path = Base.lproj/LaunchScreen.storyboard; sourceTree = "<group>"; };
		9A89C43E25BB0566001A1EDE /* Info.plist */ = {isa = PBXFileReference; lastKnownFileType = text.plist.xml; path = Info.plist; sourceTree = "<group>"; };
		9A89C44425BB0651001A1EDE /* yellowsilk4@2x.png */ = {isa = PBXFileReference; lastKnownFileType = image.png; path = "yellowsilk4@2x.png"; sourceTree = "<group>"; };
		9A89C44525BB0651001A1EDE /* oneBlueCircle.png */ = {isa = PBXFileReference; lastKnownFileType = image.png; path = oneBlueCircle.png; sourceTree = "<group>"; };
/* End PBXFileReference section */

/* Begin PBXFrameworksBuildPhase section */
		9A89C42A25BB0562001A1EDE /* Frameworks */ = {
			isa = PBXFrameworksBuildPhase;
			buildActionMask = 2147483647;
			files = (
			);
			runOnlyForDeploymentPostprocessing = 0;
		};
/* End PBXFrameworksBuildPhase section */

/* Begin PBXGroup section */
		9A89C42425BB0562001A1EDE = {
			isa = PBXGroup;
			children = (
				9A89C42F25BB0562001A1EDE /* TextFieldLeftViewTest */,
				9A89C42E25BB0562001A1EDE /* Products */,
			);
			sourceTree = "<group>";
		};
		9A89C42E25BB0562001A1EDE /* Products */ = {
			isa = PBXGroup;
			children = (
				9A89C42D25BB0562001A1EDE /* TextFieldLeftViewTest.app */,
			);
			name = Products;
			sourceTree = "<group>";
		};
		9A89C42F25BB0562001A1EDE /* TextFieldLeftViewTest */ = {
			isa = PBXGroup;
			children = (
				9A89C43025BB0562001A1EDE /* AppDelegate.swift */,
				9A89C43425BB0562001A1EDE /* ViewController.swift */,
				9A89C43625BB0562001A1EDE /* Main.storyboard */,
				9A89C43925BB0566001A1EDE /* Assets.xcassets */,
				9A89C43B25BB0566001A1EDE /* LaunchScreen.storyboard */,
				9A89C43E25BB0566001A1EDE /* Info.plist */,
				9A89C44525BB0651001A1EDE /* oneBlueCircle.png */,
				9A89C44425BB0651001A1EDE /* yellowsilk4@2x.png */,
			);
			path = TextFieldLeftViewTest;
			sourceTree = "<group>";
		};
/* End PBXGroup section */

/* Begin PBXNativeTarget section */
		9A89C42C25BB0562001A1EDE /* TextFieldLeftViewTest */ = {
			isa = PBXNativeTarget;
			buildConfigurationList = 9A89C44125BB0566001A1EDE /* Build configuration list for PBXNativeTarget "TextFieldLeftViewTest" */;
			buildPhases = (
				9A89C42925BB0562001A1EDE /* Sources */,
				9A89C42A25BB0562001A1EDE /* Frameworks */,
				9A89C42B25BB0562001A1EDE /* Resources */,
			);
			buildRules = (
			);
			dependencies = (
			);
			name = TextFieldLeftViewTest;
			productName = TextFieldLeftViewTest;
			productReference = 9A89C42D25BB0562001A1EDE /* TextFieldLeftViewTest.app */;
			productType = "com.apple.product-type.application";
		};
/* End PBXNativeTarget section */

/* Begin PBXProject section */
		9A89C42525BB0562001A1EDE /* Project object */ = {
			isa = PBXProject;
			attributes = {
				LastSwiftUpdateCheck = 1130;
				LastUpgradeCheck = 1130;
				ORGANIZATIONNAME = "Yulia Milovanova";
				TargetAttributes = {
					9A89C42C25BB0562001A1EDE = {
						CreatedOnToolsVersion = 11.3.1;
					};
				};
			};
			buildConfigurationList = 9A89C42825BB0562001A1EDE /* Build configuration list for PBXProject "TextFieldLeftViewTest" */;
			compatibilityVersion = "Xcode 9.3";
			developmentRegion = en;
			hasScannedForEncodings = 0;
			knownRegions = (
				en,
				Base,
			);
			mainGroup = 9A89C42425BB0562001A1EDE;
			productRefGroup = 9A89C42E25BB0562001A1EDE /* Products */;
			projectDirPath = "";
			projectRoot = "";
			targets = (
				9A89C42C25BB0562001A1EDE /* TextFieldLeftViewTest */,
			);
		};
/* End PBXProject section */

/* Begin PBXResourcesBuildPhase section */
		9A89C42B25BB0562001A1EDE /* Resources */ = {
			isa = PBXResourcesBuildPhase;
			buildActionMask = 2147483647;
			files = (
				9A89C43D25BB0566001A1EDE /* LaunchScreen.storyboard in Resources */,
				9A89C43A25BB0566001A1EDE /* Assets.xcassets in Resources */,
				9A89C44725BB0651001A1EDE /* oneBlueCircle.png in Resources */,
				9A89C44625BB0651001A1EDE /* yellowsilk4@2x.png in Resources */,
				9A89C43825BB0562001A1EDE /* Main.storyboard in Resources */,
			);
			runOnlyForDeploymentPostprocessing = 0;
		};
/* End PBXResourcesBuildPhase section */

/* Begin PBXSourcesBuildPhase section */
		9A89C42925BB0562001A1EDE /* Sources */ = {
			isa = PBXSourcesBuildPhase;
			buildActionMask = 2147483647;
			files = (
				9A89C43525BB0562001A1EDE /* ViewController.swift in Sources */,
				9A89C43125BB0562001A1EDE /* AppDelegate.swift in Sources */,
			);
			runOnlyForDeploymentPostprocessing = 0;
		};
/* End PBXSourcesBuildPhase section */

/* Begin PBXVariantGroup section */
		9A89C43625BB0562001A1EDE /* Main.storyboard */ = {
			isa = PBXVariantGroup;
			children = (
				9A89C43725BB0562001A1EDE /* Base */,
			);
			name = Main.storyboard;
			sourceTree = "<group>";
		};
		9A89C43B25BB0566001A1EDE /* LaunchScreen.storyboard */ = {
			isa = PBXVariantGroup;
			children = (
				9A89C43C25BB0566001A1EDE /* Base */,
			);
			name = LaunchScreen.storyboard;
			sourceTree = "<group>";
		};
/* End PBXVariantGroup section */

/* Begin XCBuildConfiguration section */
		9A89C43F25BB0566001A1EDE /* Debug */ = {
			isa = XCBuildConfiguration;
			buildSettings = {
				ALWAYS_SEARCH_USER_PATHS = NO;
				CLANG_ANALYZER_NONNULL = YES;
				CLANG_ANALYZER_NUMBER_OBJECT_CONVERSION = YES_AGGRESSIVE;
				CLANG_CXX_LANGUAGE_STANDARD = "gnu++14";
				CLANG_CXX_LIBRARY = "libc++";
				CLANG_ENABLE_MODULES = YES;
				CLANG_ENABLE_OBJC_ARC = YES;
				CLANG_ENABLE_OBJC_WEAK = YES;
				CLANG_WARN_BLOCK_CAPTURE_AUTORELEASING = YES;
				CLANG_WARN_BOOL_CONVERSION = YES;
				CLANG_WARN_COMMA = YES;
				CLANG_WARN_CONSTANT_CONVERSION = YES;
				CLANG_WARN_DEPRECATED_OBJC_IMPLEMENTATIONS = YES;
				CLANG_WARN_DIRECT_OBJC_ISA_USAGE = YES_ERROR;
				CLANG_WARN_DOCUMENTATION_COMMENTS = YES;
				CLANG_WARN_EMPTY_BODY = YES;
				CLANG_WARN_ENUM_CONVERSION = YES;
				CLANG_WARN_INFINITE_RECURSION = YES;
				CLANG_WARN_INT_CONVERSION = YES;
				CLANG_WARN_NON_LITERAL_NULL_CONVERSION = YES;
				CLANG_WARN_OBJC_IMPLICIT_RETAIN_SELF = YES;
				CLANG_WARN_OBJC_LITERAL_CONVERSION = YES;
				CLANG_WARN_OBJC_ROOT_CLASS = YES_ERROR;
				CLANG_WARN_RANGE_LOOP_ANALYSIS = YES;
				CLANG_WARN_STRICT_PROTOTYPES = YES;
				CLANG_WARN_SUSPICIOUS_MOVE = YES;
				CLANG_WARN_UNGUARDED_AVAILABILITY = YES_AGGRESSIVE;
				CLANG_WARN_UNREACHABLE_CODE = YES;
				CLANG_WARN__DUPLICATE_METHOD_MATCH = YES;
				COPY_PHASE_STRIP = NO;
				DEBUG_INFORMATION_FORMAT = dwarf;
				ENABLE_STRICT_OBJC_MSGSEND = YES;
				ENABLE_TESTABILITY = YES;
				GCC_C_LANGUAGE_STANDARD = gnu11;
				GCC_DYNAMIC_NO_PIC = NO;
				GCC_NO_COMMON_BLOCKS = YES;
				GCC_OPTIMIZATION_LEVEL = 0;
				GCC_PREPROCESSOR_DEFINITIONS = (
					"DEBUG=1",
					"$(inherited)",
				);
				GCC_WARN_64_TO_32_BIT_CONVERSION = YES;
				GCC_WARN_ABOUT_RETURN_TYPE = YES_ERROR;
				GCC_WARN_UNDECLARED_SELECTOR = YES;
				GCC_WARN_UNINITIALIZED_AUTOS = YES_AGGRESSIVE;
				GCC_WARN_UNUSED_FUNCTION = YES;
				GCC_WARN_UNUSED_VARIABLE = YES;
				IPHONEOS_DEPLOYMENT_TARGET = 12.0;
				MTL_ENABLE_DEBUG_INFO = INCLUDE_SOURCE;
				MTL_FAST_MATH = YES;
				ONLY_ACTIVE_ARCH = YES;
				SDKROOT = iphoneos;
				SWIFT_ACTIVE_COMPILATION_CONDITIONS = DEBUG;
				SWIFT_OPTIMIZATION_LEVEL = "-Onone";
			};
			name = Debug;
		};
		9A89C44025BB0566001A1EDE /* Release */ = {
			isa = XCBuildConfiguration;
			buildSettings = {
				ALWAYS_SEARCH_USER_PATHS = NO;
				CLANG_ANALYZER_NONNULL = YES;
				CLANG_ANALYZER_NUMBER_OBJECT_CONVERSION = YES_AGGRESSIVE;
				CLANG_CXX_LANGUAGE_STANDARD = "gnu++14";
				CLANG_CXX_LIBRARY = "libc++";
				CLANG_ENABLE_MODULES = YES;
				CLANG_ENABLE_OBJC_ARC = YES;
				CLANG_ENABLE_OBJC_WEAK = YES;
				CLANG_WARN_BLOCK_CAPTURE_AUTORELEASING = YES;
				CLANG_WARN_BOOL_CONVERSION = YES;
				CLANG_WARN_COMMA = YES;
				CLANG_WARN_CONSTANT_CONVERSION = YES;
				CLANG_WARN_DEPRECATED_OBJC_IMPLEMENTATIONS = YES;
				CLANG_WARN_DIRECT_OBJC_ISA_USAGE = YES_ERROR;
				CLANG_WARN_DOCUMENTATION_COMMENTS = YES;
				CLANG_WARN_EMPTY_BODY = YES;
				CLANG_WARN_ENUM_CONVERSION = YES;
				CLANG_WARN_INFINITE_RECURSION = YES;
				CLANG_WARN_INT_CONVERSION = YES;
				CLANG_WARN_NON_LITERAL_NULL_CONVERSION = YES;
				CLANG_WARN_OBJC_IMPLICIT_RETAIN_SELF = YES;
				CLANG_WARN_OBJC_LITERAL_CONVERSION = YES;
				CLANG_WARN_OBJC_ROOT_CLASS = YES_ERROR;
				CLANG_WARN_RANGE_LOOP_ANALYSIS = YES;
				CLANG_WARN_STRICT_PROTOTYPES = YES;
				CLANG_WARN_SUSPICIOUS_MOVE = YES;
				CLANG_WARN_UNGUARDED_AVAILABILITY = YES_AGGRESSIVE;
				CLANG_WARN_UNREACHABLE_CODE = YES;
				CLANG_WARN__DUPLICATE_METHOD_MATCH = YES;
				COPY_PHASE_STRIP = NO;
				DEBUG_INFORMATION_FORMAT = "dwarf-with-dsym";
				ENABLE_NS_ASSERTIONS = NO;
				ENABLE_STRICT_OBJC_MSGSEND = YES;
				GCC_C_LANGUAGE_STANDARD = gnu11;
				GCC_NO_COMMON_BLOCKS = YES;
				GCC_WARN_64_TO_32_BIT_CONVERSION = YES;
				GCC_WARN_ABOUT_RETURN_TYPE = YES_ERROR;
				GCC_WARN_UNDECLARED_SELECTOR = YES;
				GCC_WARN_UNINITIALIZED_AUTOS = YES_AGGRESSIVE;
				GCC_WARN_UNUSED_FUNCTION = YES;
				GCC_WARN_UNUSED_VARIABLE = YES;
				IPHONEOS_DEPLOYMENT_TARGET = 12.0;
				MTL_ENABLE_DEBUG_INFO = NO;
				MTL_FAST_MATH = YES;
				SDKROOT = iphoneos;
				SWIFT_COMPILATION_MODE = wholemodule;
				SWIFT_OPTIMIZATION_LEVEL = "-O";
				VALIDATE_PRODUCT = YES;
			};
			name = Release;
		};
		9A89C44225BB0566001A1EDE /* Debug */ = {
			isa = XCBuildConfiguration;
			buildSettings = {
				ASSETCATALOG_COMPILER_APPICON_NAME = AppIcon;
				CODE_SIGN_STYLE = Automatic;
				INFOPLIST_FILE = TextFieldLeftViewTest/Info.plist;
				LD_RUNPATH_SEARCH_PATHS = (
					"$(inherited)",
					"@executable_path/Frameworks",
				);
				PRODUCT_BUNDLE_IDENTIFIER = com.ym.TextFieldLeftViewTest;
				PRODUCT_NAME = "$(TARGET_NAME)";
				SWIFT_VERSION = 5.0;
				TARGETED_DEVICE_FAMILY = "1,2";
			};
			name = Debug;
		};
		9A89C44325BB0566001A1EDE /* Release */ = {
			isa = XCBuildConfiguration;
			buildSettings = {
				ASSETCATALOG_COMPILER_APPICON_NAME = AppIcon;
				CODE_SIGN_STYLE = Automatic;
				INFOPLIST_FILE = TextFieldLeftViewTest/Info.plist;
				LD_RUNPATH_SEARCH_PATHS = (
					"$(inherited)",
					"@executable_path/Frameworks",
				);
				PRODUCT_BUNDLE_IDENTIFIER = com.ym.TextFieldLeftViewTest;
				PRODUCT_NAME = "$(TARGET_NAME)";
				SWIFT_VERSION = 5.0;
				TARGETED_DEVICE_FAMILY = "1,2";
			};
			name = Release;
		};
/* End XCBuildConfiguration section */

/* Begin XCConfigurationList section */
		9A89C42825BB0562001A1EDE /* Build configuration list for PBXProject "TextFieldLeftViewTest" */ = {
			isa = XCConfigurationList;
			buildConfigurations = (
				9A89C43F25BB0566001A1EDE /* Debug */,
				9A89C44025BB0566001A1EDE /* Release */,
			);
			defaultConfigurationIsVisible = 0;
			defaultConfigurationName = Release;
		};
		9A89C44125BB0566001A1EDE /* Build configuration list for PBXNativeTarget "TextFieldLeftViewTest" */ = {
			isa = XCConfigurationList;
			buildConfigurations = (
				9A89C44225BB0566001A1EDE /* Debug */,
				9A89C44325BB0566001A1EDE /* Release */,
			);
			defaultConfigurationIsVisible = 0;
			defaultConfigurationName = Release;
		};
/* End XCConfigurationList section */
	};
	rootObject = 9A89C42525BB0562001A1EDE /* Project object */;
}
